
Microsoft Visual Studio Solution File, Format Version 12.00
# Visual Studio 15
VisualStudioVersion = 15.0.28010.2036
MinimumVisualStudioVersion = 10.0.40219.1
Project("{FAE04EC0-301F-11D3-BF4B-00C04F79EFBC}") = "MultiLanguagesSite", "MultiLanguagesSite\MultiLanguagesSite.csproj", "{54676D6B-04DB-4DB6-AF0A-8B416BAC3A82}"
EndProject
Global
	GlobalSection(SolutionConfigurationPlatforms) = preSolution
		Debug|Any CPU = Debug|Any CPU
		Release|Any CPU = Release|Any CPU
	EndGlobalSection
	GlobalSection(ProjectConfigurationPlatforms) = postSolution
		{54676D6B-04DB-4DB6-AF0A-8B416BAC3A82}.Debug|Any CPU.ActiveCfg = Debug|Any CPU
		{54676D6B-04DB-4DB6-AF0A-8B416BAC3A82}.Debug|Any CPU.Build.0 = Debug|Any CPU
		{54676D6B-04DB-4DB6-AF0A-8B416BAC3A82}.Release|Any CPU.ActiveCfg = Release|Any CPU
		{54676D6B-04DB-4DB6-AF0A-8B416BAC3A82}.Release|Any CPU.Build.0 = Release|Any CPU
	EndGlobalSection
	GlobalSection(SolutionProperties) = preSolution
		HideSolutionNode = FALSE
	EndGlobalSection
	GlobalSection(ExtensibilityGlobals) = postSolution
		SolutionGuid = {0958F1EC-8AC7-48D7-A461-277626718763}
	EndGlobalSection
EndGlobal
