
Microsoft Visual Studio Solution File, Format Version 12.00
# Visual Studio 15
VisualStudioVersion = 15.0.28010.2036
MinimumVisualStudioVersion = 10.0.40219.1
Project("{FAE04EC0-301F-11D3-BF4B-00C04F79EFBC}") = "CvMakerWebSite", "CvMakerWebSite\CvMakerWebSite.csproj", "{9EE592C8-CE88-401D-B1DB-CDD13C3AC7BA}"
EndProject
Global
	GlobalSection(SolutionConfigurationPlatforms) = preSolution
		Debug|Any CPU = Debug|Any CPU
		Release|Any CPU = Release|Any CPU
	EndGlobalSection
	GlobalSection(ProjectConfigurationPlatforms) = postSolution
		{9EE592C8-CE88-401D-B1DB-CDD13C3AC7BA}.Debug|Any CPU.ActiveCfg = Debug|Any CPU
		{9EE592C8-CE88-401D-B1DB-CDD13C3AC7BA}.Debug|Any CPU.Build.0 = Debug|Any CPU
		{9EE592C8-CE88-401D-B1DB-CDD13C3AC7BA}.Release|Any CPU.ActiveCfg = Release|Any CPU
		{9EE592C8-CE88-401D-B1DB-CDD13C3AC7BA}.Release|Any CPU.Build.0 = Release|Any CPU
	EndGlobalSection
	GlobalSection(SolutionProperties) = preSolution
		HideSolutionNode = FALSE
	EndGlobalSection
	GlobalSection(ExtensibilityGlobals) = postSolution
		SolutionGuid = {D7F0B4C1-A191-496C-AA09-B3C0A43BE6EF}
	EndGlobalSection
EndGlobal
