
Microsoft Visual Studio Solution File, Format Version 12.00
# Visual Studio 15
VisualStudioVersion = 15.0.27130.2024
MinimumVisualStudioVersion = 10.0.40219.1
Project("{FAE04EC0-301F-11D3-BF4B-00C04F79EFBC}") = "PanelControl", "PanelControl\PanelControl.csproj", "{EAC10499-FC5C-4890-B82D-A4B09AA7A0EA}"
EndProject
Global
	GlobalSection(SolutionConfigurationPlatforms) = preSolution
		Debug|Any CPU = Debug|Any CPU
		Release|Any CPU = Release|Any CPU
	EndGlobalSection
	GlobalSection(ProjectConfigurationPlatforms) = postSolution
		{EAC10499-FC5C-4890-B82D-A4B09AA7A0EA}.Debug|Any CPU.ActiveCfg = Debug|Any CPU
		{EAC10499-FC5C-4890-B82D-A4B09AA7A0EA}.Debug|Any CPU.Build.0 = Debug|Any CPU
		{EAC10499-FC5C-4890-B82D-A4B09AA7A0EA}.Release|Any CPU.ActiveCfg = Release|Any CPU
		{EAC10499-FC5C-4890-B82D-A4B09AA7A0EA}.Release|Any CPU.Build.0 = Release|Any CPU
	EndGlobalSection
	GlobalSection(SolutionProperties) = preSolution
		HideSolutionNode = FALSE
	EndGlobalSection
	GlobalSection(ExtensibilityGlobals) = postSolution
		SolutionGuid = {E2EAE8FE-1203-44D4-93DB-3E0D8F68B20E}
	EndGlobalSection
EndGlobal
