
Microsoft Visual Studio Solution File, Format Version 12.00
# Visual Studio 15
VisualStudioVersion = 15.0.28010.2036
MinimumVisualStudioVersion = 10.0.40219.1
Project("{FAE04EC0-301F-11D3-BF4B-00C04F79EFBC}") = "ConsoleApp11", "ConsoleApp11\ConsoleApp11.csproj", "{123ADB6C-DD7B-4D62-BD2B-0A3ECC613983}"
EndProject
Global
	GlobalSection(SolutionConfigurationPlatforms) = preSolution
		Debug|Any CPU = Debug|Any CPU
		Release|Any CPU = Release|Any CPU
	EndGlobalSection
	GlobalSection(ProjectConfigurationPlatforms) = postSolution
		{123ADB6C-DD7B-4D62-BD2B-0A3ECC613983}.Debug|Any CPU.ActiveCfg = Debug|Any CPU
		{123ADB6C-DD7B-4D62-BD2B-0A3ECC613983}.Debug|Any CPU.Build.0 = Debug|Any CPU
		{123ADB6C-DD7B-4D62-BD2B-0A3ECC613983}.Release|Any CPU.ActiveCfg = Release|Any CPU
		{123ADB6C-DD7B-4D62-BD2B-0A3ECC613983}.Release|Any CPU.Build.0 = Release|Any CPU
	EndGlobalSection
	GlobalSection(SolutionProperties) = preSolution
		HideSolutionNode = FALSE
	EndGlobalSection
	GlobalSection(ExtensibilityGlobals) = postSolution
		SolutionGuid = {B8F31F2D-2337-47C5-9D33-842DE3FAB191}
	EndGlobalSection
EndGlobal
