
Microsoft Visual Studio Solution File, Format Version 12.00
# Visual Studio 15
VisualStudioVersion = 15.0.27004.2010
MinimumVisualStudioVersion = 10.0.40219.1
Project("{FAE04EC0-301F-11D3-BF4B-00C04F79EFBC}") = "ConsoleApp8", "ConsoleApp8\ConsoleApp8.csproj", "{6EB92BEA-0891-4E7E-9A9E-B45C3275E90F}"
EndProject
Global
	GlobalSection(SolutionConfigurationPlatforms) = preSolution
		Debug|Any CPU = Debug|Any CPU
		Release|Any CPU = Release|Any CPU
	EndGlobalSection
	GlobalSection(ProjectConfigurationPlatforms) = postSolution
		{6EB92BEA-0891-4E7E-9A9E-B45C3275E90F}.Debug|Any CPU.ActiveCfg = Debug|Any CPU
		{6EB92BEA-0891-4E7E-9A9E-B45C3275E90F}.Debug|Any CPU.Build.0 = Debug|Any CPU
		{6EB92BEA-0891-4E7E-9A9E-B45C3275E90F}.Release|Any CPU.ActiveCfg = Release|Any CPU
		{6EB92BEA-0891-4E7E-9A9E-B45C3275E90F}.Release|Any CPU.Build.0 = Release|Any CPU
	EndGlobalSection
	GlobalSection(SolutionProperties) = preSolution
		HideSolutionNode = FALSE
	EndGlobalSection
	GlobalSection(ExtensibilityGlobals) = postSolution
		SolutionGuid = {E0F4EC38-A456-4BD1-9948-A5D9E99BEA64}
	EndGlobalSection
EndGlobal
