
Microsoft Visual Studio Solution File, Format Version 12.00
# Visual Studio 15
VisualStudioVersion = 15.0.27004.2010
MinimumVisualStudioVersion = 10.0.40219.1
Project("{FAE04EC0-301F-11D3-BF4B-00C04F79EFBC}") = "maze", "maze\maze.csproj", "{ECFFF81F-C7C2-425C-9E64-6E36E78A8B80}"
EndProject
Project("{00D1A9C2-B5F0-4AF3-8072-F6C62B433612}") = "Database2", "Database2\Database2.sqlproj", "{EF15FF14-9A45-45BA-9EA4-942ABB86AE93}"
EndProject
Global
	GlobalSection(SolutionConfigurationPlatforms) = preSolution
		Debug|Any CPU = Debug|Any CPU
		Release|Any CPU = Release|Any CPU
	EndGlobalSection
	GlobalSection(ProjectConfigurationPlatforms) = postSolution
		{ECFFF81F-C7C2-425C-9E64-6E36E78A8B80}.Debug|Any CPU.ActiveCfg = Debug|Any CPU
		{ECFFF81F-C7C2-425C-9E64-6E36E78A8B80}.Debug|Any CPU.Build.0 = Debug|Any CPU
		{ECFFF81F-C7C2-425C-9E64-6E36E78A8B80}.Release|Any CPU.ActiveCfg = Release|Any CPU
		{ECFFF81F-C7C2-425C-9E64-6E36E78A8B80}.Release|Any CPU.Build.0 = Release|Any CPU
		{EF15FF14-9A45-45BA-9EA4-942ABB86AE93}.Debug|Any CPU.ActiveCfg = Debug|Any CPU
		{EF15FF14-9A45-45BA-9EA4-942ABB86AE93}.Debug|Any CPU.Build.0 = Debug|Any CPU
		{EF15FF14-9A45-45BA-9EA4-942ABB86AE93}.Debug|Any CPU.Deploy.0 = Debug|Any CPU
		{EF15FF14-9A45-45BA-9EA4-942ABB86AE93}.Release|Any CPU.ActiveCfg = Release|Any CPU
		{EF15FF14-9A45-45BA-9EA4-942ABB86AE93}.Release|Any CPU.Build.0 = Release|Any CPU
		{EF15FF14-9A45-45BA-9EA4-942ABB86AE93}.Release|Any CPU.Deploy.0 = Release|Any CPU
	EndGlobalSection
	GlobalSection(SolutionProperties) = preSolution
		HideSolutionNode = FALSE
	EndGlobalSection
	GlobalSection(ExtensibilityGlobals) = postSolution
		SolutionGuid = {1AF89F55-5CE3-4F4C-8BDD-4B5A4B5AD54E}
	EndGlobalSection
EndGlobal
