
Microsoft Visual Studio Solution File, Format Version 12.00
# Visual Studio 15
VisualStudioVersion = 15.0.28010.2036
MinimumVisualStudioVersion = 10.0.40219.1
Project("{FAE04EC0-301F-11D3-BF4B-00C04F79EFBC}") = "VodusTechnicalAssesement", "VodusTechnicalAssesement\VodusTechnicalAssesement.csproj", "{38B04699-9A2C-4597-AFA6-1008E02E5244}"
EndProject
Global
	GlobalSection(SolutionConfigurationPlatforms) = preSolution
		Debug|Any CPU = Debug|Any CPU
		Release|Any CPU = Release|Any CPU
	EndGlobalSection
	GlobalSection(ProjectConfigurationPlatforms) = postSolution
		{38B04699-9A2C-4597-AFA6-1008E02E5244}.Debug|Any CPU.ActiveCfg = Debug|Any CPU
		{38B04699-9A2C-4597-AFA6-1008E02E5244}.Debug|Any CPU.Build.0 = Debug|Any CPU
		{38B04699-9A2C-4597-AFA6-1008E02E5244}.Release|Any CPU.ActiveCfg = Release|Any CPU
		{38B04699-9A2C-4597-AFA6-1008E02E5244}.Release|Any CPU.Build.0 = Release|Any CPU
	EndGlobalSection
	GlobalSection(SolutionProperties) = preSolution
		HideSolutionNode = FALSE
	EndGlobalSection
	GlobalSection(ExtensibilityGlobals) = postSolution
		SolutionGuid = {CC5C15C6-11C1-433D-9716-45FFFB617093}
	EndGlobalSection
EndGlobal
