
Microsoft Visual Studio Solution File, Format Version 12.00
# Visual Studio 15
VisualStudioVersion = 15.0.27130.2024
MinimumVisualStudioVersion = 10.0.40219.1
Project("{FAE04EC0-301F-11D3-BF4B-00C04F79EFBC}") = "EventReminderService", "EventReminderService\EventReminderService.csproj", "{4E29CC90-DE87-470A-B28F-EB988262AD97}"
EndProject
Global
	GlobalSection(SolutionConfigurationPlatforms) = preSolution
		Debug|Any CPU = Debug|Any CPU
		Release|Any CPU = Release|Any CPU
	EndGlobalSection
	GlobalSection(ProjectConfigurationPlatforms) = postSolution
		{4E29CC90-DE87-470A-B28F-EB988262AD97}.Debug|Any CPU.ActiveCfg = Debug|Any CPU
		{4E29CC90-DE87-470A-B28F-EB988262AD97}.Debug|Any CPU.Build.0 = Debug|Any CPU
		{4E29CC90-DE87-470A-B28F-EB988262AD97}.Release|Any CPU.ActiveCfg = Release|Any CPU
		{4E29CC90-DE87-470A-B28F-EB988262AD97}.Release|Any CPU.Build.0 = Release|Any CPU
	EndGlobalSection
	GlobalSection(SolutionProperties) = preSolution
		HideSolutionNode = FALSE
	EndGlobalSection
	GlobalSection(ExtensibilityGlobals) = postSolution
		SolutionGuid = {E3113FA2-8ED4-4C86-BAF9-3256912DFF57}
	EndGlobalSection
EndGlobal
