
Microsoft Visual Studio Solution File, Format Version 12.00
# Visual Studio 15
VisualStudioVersion = 15.0.27004.2010
MinimumVisualStudioVersion = 10.0.40219.1
Project("{FAE04EC0-301F-11D3-BF4B-00C04F79EFBC}") = "ConsoleApp6", "ConsoleApp6\ConsoleApp6.csproj", "{A058CC06-1F13-4D7D-AC8A-9DD350552A8F}"
EndProject
Global
	GlobalSection(SolutionConfigurationPlatforms) = preSolution
		Debug|Any CPU = Debug|Any CPU
		Release|Any CPU = Release|Any CPU
	EndGlobalSection
	GlobalSection(ProjectConfigurationPlatforms) = postSolution
		{A058CC06-1F13-4D7D-AC8A-9DD350552A8F}.Debug|Any CPU.ActiveCfg = Debug|Any CPU
		{A058CC06-1F13-4D7D-AC8A-9DD350552A8F}.Debug|Any CPU.Build.0 = Debug|Any CPU
		{A058CC06-1F13-4D7D-AC8A-9DD350552A8F}.Release|Any CPU.ActiveCfg = Release|Any CPU
		{A058CC06-1F13-4D7D-AC8A-9DD350552A8F}.Release|Any CPU.Build.0 = Release|Any CPU
	EndGlobalSection
	GlobalSection(SolutionProperties) = preSolution
		HideSolutionNode = FALSE
	EndGlobalSection
	GlobalSection(ExtensibilityGlobals) = postSolution
		SolutionGuid = {F9411E9F-891D-4E16-9C6C-3C9B7C161BC9}
	EndGlobalSection
EndGlobal
