
Microsoft Visual Studio Solution File, Format Version 12.00
# Visual Studio 15
VisualStudioVersion = 15.0.27130.2024
MinimumVisualStudioVersion = 10.0.40219.1
Project("{FAE04EC0-301F-11D3-BF4B-00C04F79EFBC}") = "EventReminderSchedular", "EventReminderSchedular\EventReminderSchedular.csproj", "{EFB06EC9-C28E-446C-95DF-44AC051A50DD}"
EndProject
Global
	GlobalSection(SolutionConfigurationPlatforms) = preSolution
		Debug|Any CPU = Debug|Any CPU
		Release|Any CPU = Release|Any CPU
	EndGlobalSection
	GlobalSection(ProjectConfigurationPlatforms) = postSolution
		{EFB06EC9-C28E-446C-95DF-44AC051A50DD}.Debug|Any CPU.ActiveCfg = Debug|Any CPU
		{EFB06EC9-C28E-446C-95DF-44AC051A50DD}.Debug|Any CPU.Build.0 = Debug|Any CPU
		{EFB06EC9-C28E-446C-95DF-44AC051A50DD}.Release|Any CPU.ActiveCfg = Release|Any CPU
		{EFB06EC9-C28E-446C-95DF-44AC051A50DD}.Release|Any CPU.Build.0 = Release|Any CPU
	EndGlobalSection
	GlobalSection(SolutionProperties) = preSolution
		HideSolutionNode = FALSE
	EndGlobalSection
	GlobalSection(ExtensibilityGlobals) = postSolution
		EnterpriseLibraryConfigurationToolBinariesPathV6 = packages\EnterpriseLibrary.Common.6.0.1304.0\lib\NET45;packages\EnterpriseLibrary.Data.6.0.1304.0\lib\NET45
		SolutionGuid = {0398EBD7-12BA-4041-9FB8-3D96A7329A73}
	EndGlobalSection
EndGlobal
