
Microsoft Visual Studio Solution File, Format Version 12.00
# Visual Studio 15
VisualStudioVersion = 15.0.27130.2024
MinimumVisualStudioVersion = 10.0.40219.1
Project("{E24C65DC-7377-472B-9ABA-BC803B73C61A}") = "ProjectDemoSite1", "ProjectDemoSite1\", "{0E71EF2B-7D58-48C8-857D-5696321B1241}"
	ProjectSection(WebsiteProperties) = preProject
		TargetFrameworkMoniker = ".NETFramework,Version%3Dv4.6.1"
		Debug.AspNetCompiler.VirtualPath = "/localhost_23602"
		Debug.AspNetCompiler.PhysicalPath = "ProjectDemoSite1\"
		Debug.AspNetCompiler.TargetPath = "PrecompiledWeb\localhost_23602\"
		Debug.AspNetCompiler.Updateable = "true"
		Debug.AspNetCompiler.ForceOverwrite = "true"
		Debug.AspNetCompiler.FixedNames = "false"
		Debug.AspNetCompiler.Debug = "True"
		Release.AspNetCompiler.VirtualPath = "/localhost_23602"
		Release.AspNetCompiler.PhysicalPath = "ProjectDemoSite1\"
		Release.AspNetCompiler.TargetPath = "PrecompiledWeb\localhost_23602\"
		Release.AspNetCompiler.Updateable = "true"
		Release.AspNetCompiler.ForceOverwrite = "true"
		Release.AspNetCompiler.FixedNames = "false"
		Release.AspNetCompiler.Debug = "False"
		VWDPort = "23602"
		SlnRelativePath = "ProjectDemoSite1\"
		DefaultWebSiteLanguage = "Visual C#"
	EndProjectSection
EndProject
Global
	GlobalSection(SolutionConfigurationPlatforms) = preSolution
		Debug|Any CPU = Debug|Any CPU
	EndGlobalSection
	GlobalSection(ProjectConfigurationPlatforms) = postSolution
		{0E71EF2B-7D58-48C8-857D-5696321B1241}.Debug|Any CPU.ActiveCfg = Debug|Any CPU
		{0E71EF2B-7D58-48C8-857D-5696321B1241}.Debug|Any CPU.Build.0 = Debug|Any CPU
	EndGlobalSection
	GlobalSection(SolutionProperties) = preSolution
		HideSolutionNode = FALSE
	EndGlobalSection
	GlobalSection(ExtensibilityGlobals) = postSolution
		SolutionGuid = {D0F1621F-D7AC-4823-8F9E-F4F6B249372C}
	EndGlobalSection
EndGlobal
